
Microsoft Visual Studio Solution File, Format Version 12.00
# Visual Studio Version 17
VisualStudioVersion = 17.14.36811.4 d17.14
MinimumVisualStudioVersion = 10.0.40219.1
Project("{FAE04EC0-301F-11D3-BF4B-00C04F79EFBC}") = "WindowsFormsApp1", "WindowsFormsApp1\WindowsFormsApp1.csproj", "{0A46D7E3-BFC5-431D-8E6F-31DD6EB4CB88}"
EndProject
Global
	GlobalSection(SolutionConfigurationPlatforms) = preSolution
		Debug|Any CPU = Debug|Any CPU
		Release|Any CPU = Release|Any CPU
	EndGlobalSection
	GlobalSection(ProjectConfigurationPlatforms) = postSolution
		{0A46D7E3-BFC5-431D-8E6F-31DD6EB4CB88}.Debug|Any CPU.ActiveCfg = Debug|Any CPU
		{0A46D7E3-BFC5-431D-8E6F-31DD6EB4CB88}.Debug|Any CPU.Build.0 = Debug|Any CPU
		{0A46D7E3-BFC5-431D-8E6F-31DD6EB4CB88}.Release|Any CPU.ActiveCfg = Release|Any CPU
		{0A46D7E3-BFC5-431D-8E6F-31DD6EB4CB88}.Release|Any CPU.Build.0 = Release|Any CPU
	EndGlobalSection
	GlobalSection(SolutionProperties) = preSolution
		HideSolutionNode = FALSE
	EndGlobalSection
	GlobalSection(ExtensibilityGlobals) = postSolution
		SolutionGuid = {503C1F9A-19E0-4E05-B9E2-D733DD76AA56}
	EndGlobalSection
EndGlobal
